{
  "name": "nodejs",
  "lockfileVersion": 3,
  "requires": true,
  "packages": {
    "": {
      "dependencies": {
        "total4": "^0.0.96"
      }
    },
    "node_modules/total4": {
      "version": "0.0.96",
      "resolved": "https://registry.npmjs.org/total4/-/total4-0.0.96.tgz",
      "integrity": "sha512-ZG5hLZisqE4RzWrtN2qtYenwBDViKD3CdnodFiClGEdnhUgNNv63/F2M1rcLGTZMjsN8nf6EXdnjRyLrnjRKGA==",
      "bin": {
        "total4": "bin/total4"
      }
    }
  }
}
